{
  "name": "websiteBuilderV2",
  "version": "0.0.0",
  "lockfileVersion": 3,
  "requires": true,
  "packages": {
    "": {
      "name": "websiteBuilderV2",
      "version": "0.0.0",
      "workspaces": [
        "packages/*"
      ],
      "devDependencies": {}
    },
    "packages/core": {
      "name": "@websiteBuilderV2/core",
      "version": "0.0.0",
      "extraneous": true,
      "dependencies": {
        "sst": "*"
      },
      "devDependencies": {
        "vitest": "^2.0.3"
      }
    },
    "packages/functions": {
      "name": "@websiteBuilderV2/functions",
      "version": "0.0.0",
      "extraneous": true,
      "dependencies": {
        "@websiteBuilderV2/core": "*",
        "sst": "*"
      },
      "devDependencies": {
        "@types/aws-lambda": "^8.10.137"
      }
    },
    "packages/scripts": {
      "name": "@websiteBuilderV2/scripts",
      "version": "0.0.0",
      "extraneous": true,
      "dependencies": {
        "@websiteBuilderV2/core": "*",
        "sst": "*"
      },
      "devDependencies": {
        "@types/node": "^20.14.11",
        "tsx": "^4.7.2"
      }
    }
  }
}
